
Microsoft Visual Studio Solution File, Format Version 12.00
# Visual Studio Version 17
VisualStudioVersion = 17.2.32630.192
MinimumVisualStudioVersion = 10.0.40219.1
Project("{2150E333-8FDC-42A3-9474-1A3956D46DE8}") = "01. Client", "01. Client", "{290D4D69-5BE8-4117-AFC9-371CE198BC8B}"
EndProject
Project("{2150E333-8FDC-42A3-9474-1A3956D46DE8}") = "02. Api.Gateways", "02. Api.Gateways", "{8F5EB8C2-618F-4865-AC9F-6DEECFD91BF3}"
EndProject
Project("{2150E333-8FDC-42A3-9474-1A3956D46DE8}") = "03. Services", "03. Services", "{7B0C3231-621F-4868-9417-89CBB7784E7C}"
EndProject
Project("{2150E333-8FDC-42A3-9474-1A3956D46DE8}") = "01. Identity", "01. Identity", "{45C0480C-33EF-41E0-BBD1-2E5AB54A4398}"
EndProject
Project("{2150E333-8FDC-42A3-9474-1A3956D46DE8}") = "02. Catalog", "02. Catalog", "{AA16182E-3712-4D15-A4A8-93B56BEC9916}"
EndProject
Project("{2150E333-8FDC-42A3-9474-1A3956D46DE8}") = "03. Customer", "03. Customer", "{F45A0FA3-1B48-4C3A-8209-0F781B98BD6B}"
EndProject
Project("{2150E333-8FDC-42A3-9474-1A3956D46DE8}") = "04. Order", "04. Order", "{EF0B5B7D-4C90-4E0B-8F69-CC7AD4FB2413}"
EndProject
Project("{9A19103F-16F7-4668-BE54-9A1E7A4F7556}") = "Catalog.Api", "src\Services\Catalog\Catalog.Api\Catalog.Api.csproj", "{F0F57303-349B-491F-9F82-6E7CF77382BD}"
EndProject
Project("{2150E333-8FDC-42A3-9474-1A3956D46DE8}") = "01. API", "01. API", "{F0C3D7CF-4A3B-4B14-AD36-CA23F966718B}"
EndProject
Project("{2150E333-8FDC-42A3-9474-1A3956D46DE8}") = "02. Services", "02. Services", "{A710B030-2C03-433B-BD38-35D834F0CEB2}"
EndProject
Project("{2150E333-8FDC-42A3-9474-1A3956D46DE8}") = "03. Persistence", "03. Persistence", "{07181B53-8589-4F09-945A-337682A81D21}"
EndProject
Project("{2150E333-8FDC-42A3-9474-1A3956D46DE8}") = "04. Models", "04. Models", "{0AA799F7-2C1B-435D-B1F4-CB556722B69E}"
EndProject
Project("{2150E333-8FDC-42A3-9474-1A3956D46DE8}") = "01. API", "01. API", "{7C32F636-2A46-4181-9D2F-D386AACC7CC2}"
EndProject
Project("{2150E333-8FDC-42A3-9474-1A3956D46DE8}") = "02. Services", "02. Services", "{3DE2040B-BAE9-4A8D-8774-A67C0696BD08}"
EndProject
Project("{2150E333-8FDC-42A3-9474-1A3956D46DE8}") = "03. Persistence", "03. Persistence", "{1E8069AE-925A-41C9-AC56-631045FBBC81}"
EndProject
Project("{2150E333-8FDC-42A3-9474-1A3956D46DE8}") = "04. Models", "04. Models", "{FC027C36-8EC3-44D2-92F5-656E9A7B769A}"
EndProject
Project("{2150E333-8FDC-42A3-9474-1A3956D46DE8}") = "01. API", "01. API", "{CEBDB970-0596-43AD-A256-A28006AC5D21}"
EndProject
Project("{2150E333-8FDC-42A3-9474-1A3956D46DE8}") = "02. Services", "02. Services", "{5725B766-BFA6-455D-A93F-3BB99B9E2C48}"
EndProject
Project("{2150E333-8FDC-42A3-9474-1A3956D46DE8}") = "03. Persistence", "03. Persistence", "{631D18E8-F527-4B69-9513-18D3E018C020}"
EndProject
Project("{2150E333-8FDC-42A3-9474-1A3956D46DE8}") = "04. Models", "04. Models", "{8096771B-FE62-481A-98FB-7BFFE25748EA}"
EndProject
Project("{2150E333-8FDC-42A3-9474-1A3956D46DE8}") = "01. API", "01. API", "{1BF6BE94-E802-4305-9B51-15FBFF9AB23D}"
EndProject
Project("{2150E333-8FDC-42A3-9474-1A3956D46DE8}") = "02. Services", "02. Services", "{D524E31C-679E-417B-8D7C-4FD8F979C9FF}"
EndProject
Project("{2150E333-8FDC-42A3-9474-1A3956D46DE8}") = "03. Persistence", "03. Persistence", "{89E2F509-21FF-4509-B771-99A907373FED}"
EndProject
Project("{2150E333-8FDC-42A3-9474-1A3956D46DE8}") = "04. Models", "04. Models", "{6D06F700-190A-464A-BE90-44D26E1E3183}"
EndProject
Project("{9A19103F-16F7-4668-BE54-9A1E7A4F7556}") = "Catalog.Domain", "src\Services\Catalog\Catalog.Domain\Catalog.Domain.csproj", "{9559B109-14AF-460A-8B5E-7E50AB566A0F}"
EndProject
Project("{9A19103F-16F7-4668-BE54-9A1E7A4F7556}") = "Catalog.Persistence.Database", "src\Services\Catalog\Catalog.Persistence.Database\Catalog.Persistence.Database.csproj", "{2C9C7632-B1D3-4E10-971F-A039E5914FE1}"
EndProject
Project("{9A19103F-16F7-4668-BE54-9A1E7A4F7556}") = "Catalog.Service.Queries", "src\Services\Catalog\Catalog.Service.Queries\Catalog.Service.Queries.csproj", "{F01CBEA8-D50B-4C4C-B6C3-28ADD71819E4}"
EndProject
Project("{2150E333-8FDC-42A3-9474-1A3956D46DE8}") = "Common", "Common", "{078EFC3E-E930-41A6-9E21-8ED50D96BF53}"
EndProject
Project("{9A19103F-16F7-4668-BE54-9A1E7A4F7556}") = "Service.Common.Collection", "src\Services\Common\Service.Common.Collection\Service.Common.Collection.csproj", "{D52E18D6-57D5-4DDE-8E56-5DE63A079289}"
EndProject
Project("{9A19103F-16F7-4668-BE54-9A1E7A4F7556}") = "Service.Common.Mapping", "src\Services\Common\Service.Common.Mapping\Service.Common.Mapping.csproj", "{A48870A3-5C2E-4375-9FEC-B4D9388F929E}"
EndProject
Project("{9A19103F-16F7-4668-BE54-9A1E7A4F7556}") = "Service.Common.Paging", "src\Services\Common\Service.Common.Paging\Service.Common.Paging.csproj", "{ABD19F1F-0DC0-45B7-8E73-78D854B22F37}"
EndProject
Project("{9A19103F-16F7-4668-BE54-9A1E7A4F7556}") = "Catalog.Service.EventHandlers", "src\Services\Catalog\Catalog.Service.EventHandlers\Catalog.Service.EventHandlers.csproj", "{954BA37F-F2E3-4152-98A4-F253D40E5077}"
EndProject
Project("{2150E333-8FDC-42A3-9474-1A3956D46DE8}") = "05. Common", "05. Common", "{B2F726C6-2C48-4C6E-B467-C53580DED07B}"
EndProject
Project("{9A19103F-16F7-4668-BE54-9A1E7A4F7556}") = "Catalog.Common", "src\Services\Catalog\Catalog.Common\Catalog.Common.csproj", "{0B434D18-F347-4950-86CE-2E01370B6873}"
EndProject
Project("{2150E333-8FDC-42A3-9474-1A3956D46DE8}") = "04. Common", "04. Common", "{FE6C96C3-476E-4C1B-BA4F-3451A3C2077A}"
EndProject
Project("{9A19103F-16F7-4668-BE54-9A1E7A4F7556}") = "Common.Logging", "src\Common\Common.Logging\Common.Logging.csproj", "{DCA8E6D6-5913-41B3-8C2A-1E9B5D488405}"
EndProject
Project("{2150E333-8FDC-42A3-9474-1A3956D46DE8}") = "06. Testing", "06. Testing", "{295811FB-2536-4B36-A276-FC5610CC17F8}"
EndProject
Project("{9A19103F-16F7-4668-BE54-9A1E7A4F7556}") = "Catalog.Tests", "src\Services\Catalog\Catalog.Tests\Catalog.Tests.csproj", "{E60B05EB-C050-4774-BFF6-34AC9F29018A}"
EndProject
Project("{2150E333-8FDC-42A3-9474-1A3956D46DE8}") = "05. Common", "05. Common", "{0FD68593-6CDA-4E03-BD7F-7E24CD8E1390}"
EndProject
Project("{2150E333-8FDC-42A3-9474-1A3956D46DE8}") = "06. Testing", "06. Testing", "{7B94C5D5-BBD7-45A9-964A-5CC05F8ACF1B}"
EndProject
Project("{9A19103F-16F7-4668-BE54-9A1E7A4F7556}") = "Customer.Domain", "src\Services\Customer\Customer.Domain\Customer.Domain.csproj", "{1DC90B18-9CD3-4143-93B5-500472A94104}"
EndProject
Project("{9A19103F-16F7-4668-BE54-9A1E7A4F7556}") = "Customer.Persistence.Database", "src\Services\Customer\Customer.Persistence.Database\Customer.Persistence.Database.csproj", "{F51F0114-4C01-4121-A36E-405B16BE5762}"
EndProject
Project("{9A19103F-16F7-4668-BE54-9A1E7A4F7556}") = "Customer.Api", "src\Services\Customer\Customer.Api\Customer.Api.csproj", "{EE89AF89-7B6D-41C9-8D07-18769D4F6DF3}"
EndProject
Project("{9A19103F-16F7-4668-BE54-9A1E7A4F7556}") = "Customer.Service.Queries", "src\Services\Customer\Customer.Service.Queries\Customer.Service.Queries.csproj", "{E3018BA7-89C0-4264-A90F-60F98ED79D5C}"
EndProject
Project("{9A19103F-16F7-4668-BE54-9A1E7A4F7556}") = "Customer.Service.EventHandlers", "src\Services\Customer\Customer.Service.EventHandlers\Customer.Service.EventHandlers.csproj", "{6935E42C-5A15-4C38-9FB0-B761C774D4AB}"
EndProject
Project("{2150E333-8FDC-42A3-9474-1A3956D46DE8}") = "05. Common", "05. Common", "{F7BDDE5E-6133-47CE-97A6-930DC1F05CA0}"
EndProject
Project("{2150E333-8FDC-42A3-9474-1A3956D46DE8}") = "06. Testing", "06. Testing", "{5F527875-2B70-44F3-870C-7E825E24A357}"
EndProject
Project("{9A19103F-16F7-4668-BE54-9A1E7A4F7556}") = "Order.Domain", "src\Services\Order\Order.Domain\Order.Domain.csproj", "{C994EF5C-7BA2-458F-866E-E1A3D129BF11}"
EndProject
Project("{9A19103F-16F7-4668-BE54-9A1E7A4F7556}") = "Order.Common", "src\Services\Order\Order.Common\Order.Common.csproj", "{9D2A149B-ECCA-4613-8EC2-251889A1D150}"
EndProject
Project("{9A19103F-16F7-4668-BE54-9A1E7A4F7556}") = "Order.Persistence.Database", "src\Services\Order\Order.Persistence.Database\Order.Persistence.Database.csproj", "{C4E0C6A0-99E2-4BAE-843D-69B82FB8E75D}"
EndProject
Project("{9A19103F-16F7-4668-BE54-9A1E7A4F7556}") = "Order.Api", "src\Services\Order\Order.Api\Order.Api.csproj", "{E7127CD8-242E-4C7A-AB30-3E2778E657C8}"
EndProject
Project("{9A19103F-16F7-4668-BE54-9A1E7A4F7556}") = "Order.Service.Queries", "src\Services\Order\Order.Service.Queries\Order.Service.Queries.csproj", "{CB5D9AC7-573C-430B-9247-9748E21FAA47}"
EndProject
Project("{9A19103F-16F7-4668-BE54-9A1E7A4F7556}") = "Order.Service.EventHandlers", "src\Services\Order\Order.Service.EventHandlers\Order.Service.EventHandlers.csproj", "{C0BDF3F5-01C7-4D87-9FCE-8894D200B92F}"
EndProject
Project("{9A19103F-16F7-4668-BE54-9A1E7A4F7556}") = "Order.Service.Proxies", "src\Services\Order\Order.Service.Proxies\Order.Service.Proxies.csproj", "{63591DD5-FFC4-4A64-B4F7-B5A7F66F9D98}"
EndProject
Project("{9A19103F-16F7-4668-BE54-9A1E7A4F7556}") = "Identity.Domain", "src\Services\Identity\Identity.Domain\Identity.Domain.csproj", "{57580DDE-5EA8-427B-8FBF-AE0ABCE90BD2}"
EndProject
Project("{9A19103F-16F7-4668-BE54-9A1E7A4F7556}") = "Identity.Persistence.Database", "src\Services\Identity\Identity.Persistence.Database\Identity.Persistence.Database.csproj", "{BBD2C1D1-6426-4381-9CF1-704B10237580}"
EndProject
Project("{9A19103F-16F7-4668-BE54-9A1E7A4F7556}") = "Identity.Api", "src\Services\Identity\Identity.Api\Identity.Api.csproj", "{9DBBBCF8-4DDC-41F8-B2CA-A3A9AC541435}"
EndProject
Project("{9A19103F-16F7-4668-BE54-9A1E7A4F7556}") = "Identity.Service.EventHandlers", "src\Services\Identity\Identity.Service.EventHandlers\Identity.Service.EventHandlers.csproj", "{C45EF3C7-8543-4C7D-BB18-72C89F496BC8}"
EndProject
Project("{9A19103F-16F7-4668-BE54-9A1E7A4F7556}") = "Identity.Service.Queries", "src\Services\Identity\Identity.Service.Queries\Identity.Service.Queries.csproj", "{229AF7DA-84F4-47F6-B523-10CBDB792950}"
EndProject
Project("{FAE04EC0-301F-11D3-BF4B-00C04F79EFBC}") = "Gateway.Api", "src\Gateway\Gateway.Api\Gateway.Api.csproj", "{D6902030-A6F9-493D-A81E-B529EB8038D4}"
EndProject
Global
	GlobalSection(SolutionConfigurationPlatforms) = preSolution
		Debug|Any CPU = Debug|Any CPU
		Release|Any CPU = Release|Any CPU
	EndGlobalSection
	GlobalSection(ProjectConfigurationPlatforms) = postSolution
		{F0F57303-349B-491F-9F82-6E7CF77382BD}.Debug|Any CPU.ActiveCfg = Debug|Any CPU
		{F0F57303-349B-491F-9F82-6E7CF77382BD}.Debug|Any CPU.Build.0 = Debug|Any CPU
		{F0F57303-349B-491F-9F82-6E7CF77382BD}.Release|Any CPU.ActiveCfg = Release|Any CPU
		{F0F57303-349B-491F-9F82-6E7CF77382BD}.Release|Any CPU.Build.0 = Release|Any CPU
		{9559B109-14AF-460A-8B5E-7E50AB566A0F}.Debug|Any CPU.ActiveCfg = Debug|Any CPU
		{9559B109-14AF-460A-8B5E-7E50AB566A0F}.Debug|Any CPU.Build.0 = Debug|Any CPU
		{9559B109-14AF-460A-8B5E-7E50AB566A0F}.Release|Any CPU.ActiveCfg = Release|Any CPU
		{9559B109-14AF-460A-8B5E-7E50AB566A0F}.Release|Any CPU.Build.0 = Release|Any CPU
		{2C9C7632-B1D3-4E10-971F-A039E5914FE1}.Debug|Any CPU.ActiveCfg = Debug|Any CPU
		{2C9C7632-B1D3-4E10-971F-A039E5914FE1}.Debug|Any CPU.Build.0 = Debug|Any CPU
		{2C9C7632-B1D3-4E10-971F-A039E5914FE1}.Release|Any CPU.ActiveCfg = Release|Any CPU
		{2C9C7632-B1D3-4E10-971F-A039E5914FE1}.Release|Any CPU.Build.0 = Release|Any CPU
		{F01CBEA8-D50B-4C4C-B6C3-28ADD71819E4}.Debug|Any CPU.ActiveCfg = Debug|Any CPU
		{F01CBEA8-D50B-4C4C-B6C3-28ADD71819E4}.Debug|Any CPU.Build.0 = Debug|Any CPU
		{F01CBEA8-D50B-4C4C-B6C3-28ADD71819E4}.Release|Any CPU.ActiveCfg = Release|Any CPU
		{F01CBEA8-D50B-4C4C-B6C3-28ADD71819E4}.Release|Any CPU.Build.0 = Release|Any CPU
		{D52E18D6-57D5-4DDE-8E56-5DE63A079289}.Debug|Any CPU.ActiveCfg = Debug|Any CPU
		{D52E18D6-57D5-4DDE-8E56-5DE63A079289}.Debug|Any CPU.Build.0 = Debug|Any CPU
		{D52E18D6-57D5-4DDE-8E56-5DE63A079289}.Release|Any CPU.ActiveCfg = Release|Any CPU
		{D52E18D6-57D5-4DDE-8E56-5DE63A079289}.Release|Any CPU.Build.0 = Release|Any CPU
		{A48870A3-5C2E-4375-9FEC-B4D9388F929E}.Debug|Any CPU.ActiveCfg = Debug|Any CPU
		{A48870A3-5C2E-4375-9FEC-B4D9388F929E}.Debug|Any CPU.Build.0 = Debug|Any CPU
		{A48870A3-5C2E-4375-9FEC-B4D9388F929E}.Release|Any CPU.ActiveCfg = Release|Any CPU
		{A48870A3-5C2E-4375-9FEC-B4D9388F929E}.Release|Any CPU.Build.0 = Release|Any CPU
		{ABD19F1F-0DC0-45B7-8E73-78D854B22F37}.Debug|Any CPU.ActiveCfg = Debug|Any CPU
		{ABD19F1F-0DC0-45B7-8E73-78D854B22F37}.Debug|Any CPU.Build.0 = Debug|Any CPU
		{ABD19F1F-0DC0-45B7-8E73-78D854B22F37}.Release|Any CPU.ActiveCfg = Release|Any CPU
		{ABD19F1F-0DC0-45B7-8E73-78D854B22F37}.Release|Any CPU.Build.0 = Release|Any CPU
		{954BA37F-F2E3-4152-98A4-F253D40E5077}.Debug|Any CPU.ActiveCfg = Debug|Any CPU
		{954BA37F-F2E3-4152-98A4-F253D40E5077}.Debug|Any CPU.Build.0 = Debug|Any CPU
		{954BA37F-F2E3-4152-98A4-F253D40E5077}.Release|Any CPU.ActiveCfg = Release|Any CPU
		{954BA37F-F2E3-4152-98A4-F253D40E5077}.Release|Any CPU.Build.0 = Release|Any CPU
		{0B434D18-F347-4950-86CE-2E01370B6873}.Debug|Any CPU.ActiveCfg = Debug|Any CPU
		{0B434D18-F347-4950-86CE-2E01370B6873}.Debug|Any CPU.Build.0 = Debug|Any CPU
		{0B434D18-F347-4950-86CE-2E01370B6873}.Release|Any CPU.ActiveCfg = Release|Any CPU
		{0B434D18-F347-4950-86CE-2E01370B6873}.Release|Any CPU.Build.0 = Release|Any CPU
		{DCA8E6D6-5913-41B3-8C2A-1E9B5D488405}.Debug|Any CPU.ActiveCfg = Debug|Any CPU
		{DCA8E6D6-5913-41B3-8C2A-1E9B5D488405}.Debug|Any CPU.Build.0 = Debug|Any CPU
		{DCA8E6D6-5913-41B3-8C2A-1E9B5D488405}.Release|Any CPU.ActiveCfg = Release|Any CPU
		{DCA8E6D6-5913-41B3-8C2A-1E9B5D488405}.Release|Any CPU.Build.0 = Release|Any CPU
		{E60B05EB-C050-4774-BFF6-34AC9F29018A}.Debug|Any CPU.ActiveCfg = Debug|Any CPU
		{E60B05EB-C050-4774-BFF6-34AC9F29018A}.Debug|Any CPU.Build.0 = Debug|Any CPU
		{E60B05EB-C050-4774-BFF6-34AC9F29018A}.Release|Any CPU.ActiveCfg = Release|Any CPU
		{E60B05EB-C050-4774-BFF6-34AC9F29018A}.Release|Any CPU.Build.0 = Release|Any CPU
		{1DC90B18-9CD3-4143-93B5-500472A94104}.Debug|Any CPU.ActiveCfg = Debug|Any CPU
		{1DC90B18-9CD3-4143-93B5-500472A94104}.Debug|Any CPU.Build.0 = Debug|Any CPU
		{1DC90B18-9CD3-4143-93B5-500472A94104}.Release|Any CPU.ActiveCfg = Release|Any CPU
		{1DC90B18-9CD3-4143-93B5-500472A94104}.Release|Any CPU.Build.0 = Release|Any CPU
		{F51F0114-4C01-4121-A36E-405B16BE5762}.Debug|Any CPU.ActiveCfg = Debug|Any CPU
		{F51F0114-4C01-4121-A36E-405B16BE5762}.Debug|Any CPU.Build.0 = Debug|Any CPU
		{F51F0114-4C01-4121-A36E-405B16BE5762}.Release|Any CPU.ActiveCfg = Release|Any CPU
		{F51F0114-4C01-4121-A36E-405B16BE5762}.Release|Any CPU.Build.0 = Release|Any CPU
		{EE89AF89-7B6D-41C9-8D07-18769D4F6DF3}.Debug|Any CPU.ActiveCfg = Debug|Any CPU
		{EE89AF89-7B6D-41C9-8D07-18769D4F6DF3}.Debug|Any CPU.Build.0 = Debug|Any CPU
		{EE89AF89-7B6D-41C9-8D07-18769D4F6DF3}.Release|Any CPU.ActiveCfg = Release|Any CPU
		{EE89AF89-7B6D-41C9-8D07-18769D4F6DF3}.Release|Any CPU.Build.0 = Release|Any CPU
		{E3018BA7-89C0-4264-A90F-60F98ED79D5C}.Debug|Any CPU.ActiveCfg = Debug|Any CPU
		{E3018BA7-89C0-4264-A90F-60F98ED79D5C}.Debug|Any CPU.Build.0 = Debug|Any CPU
		{E3018BA7-89C0-4264-A90F-60F98ED79D5C}.Release|Any CPU.ActiveCfg = Release|Any CPU
		{E3018BA7-89C0-4264-A90F-60F98ED79D5C}.Release|Any CPU.Build.0 = Release|Any CPU
		{6935E42C-5A15-4C38-9FB0-B761C774D4AB}.Debug|Any CPU.ActiveCfg = Debug|Any CPU
		{6935E42C-5A15-4C38-9FB0-B761C774D4AB}.Debug|Any CPU.Build.0 = Debug|Any CPU
		{6935E42C-5A15-4C38-9FB0-B761C774D4AB}.Release|Any CPU.ActiveCfg = Release|Any CPU
		{6935E42C-5A15-4C38-9FB0-B761C774D4AB}.Release|Any CPU.Build.0 = Release|Any CPU
		{C994EF5C-7BA2-458F-866E-E1A3D129BF11}.Debug|Any CPU.ActiveCfg = Debug|Any CPU
		{C994EF5C-7BA2-458F-866E-E1A3D129BF11}.Debug|Any CPU.Build.0 = Debug|Any CPU
		{C994EF5C-7BA2-458F-866E-E1A3D129BF11}.Release|Any CPU.ActiveCfg = Release|Any CPU
		{C994EF5C-7BA2-458F-866E-E1A3D129BF11}.Release|Any CPU.Build.0 = Release|Any CPU
		{9D2A149B-ECCA-4613-8EC2-251889A1D150}.Debug|Any CPU.ActiveCfg = Debug|Any CPU
		{9D2A149B-ECCA-4613-8EC2-251889A1D150}.Debug|Any CPU.Build.0 = Debug|Any CPU
		{9D2A149B-ECCA-4613-8EC2-251889A1D150}.Release|Any CPU.ActiveCfg = Release|Any CPU
		{9D2A149B-ECCA-4613-8EC2-251889A1D150}.Release|Any CPU.Build.0 = Release|Any CPU
		{C4E0C6A0-99E2-4BAE-843D-69B82FB8E75D}.Debug|Any CPU.ActiveCfg = Debug|Any CPU
		{C4E0C6A0-99E2-4BAE-843D-69B82FB8E75D}.Debug|Any CPU.Build.0 = Debug|Any CPU
		{C4E0C6A0-99E2-4BAE-843D-69B82FB8E75D}.Release|Any CPU.ActiveCfg = Release|Any CPU
		{C4E0C6A0-99E2-4BAE-843D-69B82FB8E75D}.Release|Any CPU.Build.0 = Release|Any CPU
		{E7127CD8-242E-4C7A-AB30-3E2778E657C8}.Debug|Any CPU.ActiveCfg = Debug|Any CPU
		{E7127CD8-242E-4C7A-AB30-3E2778E657C8}.Debug|Any CPU.Build.0 = Debug|Any CPU
		{E7127CD8-242E-4C7A-AB30-3E2778E657C8}.Release|Any CPU.ActiveCfg = Release|Any CPU
		{E7127CD8-242E-4C7A-AB30-3E2778E657C8}.Release|Any CPU.Build.0 = Release|Any CPU
		{CB5D9AC7-573C-430B-9247-9748E21FAA47}.Debug|Any CPU.ActiveCfg = Debug|Any CPU
		{CB5D9AC7-573C-430B-9247-9748E21FAA47}.Debug|Any CPU.Build.0 = Debug|Any CPU
		{CB5D9AC7-573C-430B-9247-9748E21FAA47}.Release|Any CPU.ActiveCfg = Release|Any CPU
		{CB5D9AC7-573C-430B-9247-9748E21FAA47}.Release|Any CPU.Build.0 = Release|Any CPU
		{C0BDF3F5-01C7-4D87-9FCE-8894D200B92F}.Debug|Any CPU.ActiveCfg = Debug|Any CPU
		{C0BDF3F5-01C7-4D87-9FCE-8894D200B92F}.Debug|Any CPU.Build.0 = Debug|Any CPU
		{C0BDF3F5-01C7-4D87-9FCE-8894D200B92F}.Release|Any CPU.ActiveCfg = Release|Any CPU
		{C0BDF3F5-01C7-4D87-9FCE-8894D200B92F}.Release|Any CPU.Build.0 = Release|Any CPU
		{63591DD5-FFC4-4A64-B4F7-B5A7F66F9D98}.Debug|Any CPU.ActiveCfg = Debug|Any CPU
		{63591DD5-FFC4-4A64-B4F7-B5A7F66F9D98}.Debug|Any CPU.Build.0 = Debug|Any CPU
		{63591DD5-FFC4-4A64-B4F7-B5A7F66F9D98}.Release|Any CPU.ActiveCfg = Release|Any CPU
		{63591DD5-FFC4-4A64-B4F7-B5A7F66F9D98}.Release|Any CPU.Build.0 = Release|Any CPU
		{57580DDE-5EA8-427B-8FBF-AE0ABCE90BD2}.Debug|Any CPU.ActiveCfg = Debug|Any CPU
		{57580DDE-5EA8-427B-8FBF-AE0ABCE90BD2}.Debug|Any CPU.Build.0 = Debug|Any CPU
		{57580DDE-5EA8-427B-8FBF-AE0ABCE90BD2}.Release|Any CPU.ActiveCfg = Release|Any CPU
		{57580DDE-5EA8-427B-8FBF-AE0ABCE90BD2}.Release|Any CPU.Build.0 = Release|Any CPU
		{BBD2C1D1-6426-4381-9CF1-704B10237580}.Debug|Any CPU.ActiveCfg = Debug|Any CPU
		{BBD2C1D1-6426-4381-9CF1-704B10237580}.Debug|Any CPU.Build.0 = Debug|Any CPU
		{BBD2C1D1-6426-4381-9CF1-704B10237580}.Release|Any CPU.ActiveCfg = Release|Any CPU
		{BBD2C1D1-6426-4381-9CF1-704B10237580}.Release|Any CPU.Build.0 = Release|Any CPU
		{9DBBBCF8-4DDC-41F8-B2CA-A3A9AC541435}.Debug|Any CPU.ActiveCfg = Debug|Any CPU
		{9DBBBCF8-4DDC-41F8-B2CA-A3A9AC541435}.Debug|Any CPU.Build.0 = Debug|Any CPU
		{9DBBBCF8-4DDC-41F8-B2CA-A3A9AC541435}.Release|Any CPU.ActiveCfg = Release|Any CPU
		{9DBBBCF8-4DDC-41F8-B2CA-A3A9AC541435}.Release|Any CPU.Build.0 = Release|Any CPU
		{C45EF3C7-8543-4C7D-BB18-72C89F496BC8}.Debug|Any CPU.ActiveCfg = Debug|Any CPU
		{C45EF3C7-8543-4C7D-BB18-72C89F496BC8}.Debug|Any CPU.Build.0 = Debug|Any CPU
		{C45EF3C7-8543-4C7D-BB18-72C89F496BC8}.Release|Any CPU.ActiveCfg = Release|Any CPU
		{C45EF3C7-8543-4C7D-BB18-72C89F496BC8}.Release|Any CPU.Build.0 = Release|Any CPU
		{229AF7DA-84F4-47F6-B523-10CBDB792950}.Debug|Any CPU.ActiveCfg = Debug|Any CPU
		{229AF7DA-84F4-47F6-B523-10CBDB792950}.Debug|Any CPU.Build.0 = Debug|Any CPU
		{229AF7DA-84F4-47F6-B523-10CBDB792950}.Release|Any CPU.ActiveCfg = Release|Any CPU
		{229AF7DA-84F4-47F6-B523-10CBDB792950}.Release|Any CPU.Build.0 = Release|Any CPU
		{D6902030-A6F9-493D-A81E-B529EB8038D4}.Debug|Any CPU.ActiveCfg = Debug|Any CPU
		{D6902030-A6F9-493D-A81E-B529EB8038D4}.Debug|Any CPU.Build.0 = Debug|Any CPU
		{D6902030-A6F9-493D-A81E-B529EB8038D4}.Release|Any CPU.ActiveCfg = Release|Any CPU
		{D6902030-A6F9-493D-A81E-B529EB8038D4}.Release|Any CPU.Build.0 = Release|Any CPU
	EndGlobalSection
	GlobalSection(SolutionProperties) = preSolution
		HideSolutionNode = FALSE
	EndGlobalSection
	GlobalSection(NestedProjects) = preSolution
		{45C0480C-33EF-41E0-BBD1-2E5AB54A4398} = {7B0C3231-621F-4868-9417-89CBB7784E7C}
		{AA16182E-3712-4D15-A4A8-93B56BEC9916} = {7B0C3231-621F-4868-9417-89CBB7784E7C}
		{F45A0FA3-1B48-4C3A-8209-0F781B98BD6B} = {7B0C3231-621F-4868-9417-89CBB7784E7C}
		{EF0B5B7D-4C90-4E0B-8F69-CC7AD4FB2413} = {7B0C3231-621F-4868-9417-89CBB7784E7C}
		{F0F57303-349B-491F-9F82-6E7CF77382BD} = {7C32F636-2A46-4181-9D2F-D386AACC7CC2}
		{F0C3D7CF-4A3B-4B14-AD36-CA23F966718B} = {45C0480C-33EF-41E0-BBD1-2E5AB54A4398}
		{A710B030-2C03-433B-BD38-35D834F0CEB2} = {45C0480C-33EF-41E0-BBD1-2E5AB54A4398}
		{07181B53-8589-4F09-945A-337682A81D21} = {45C0480C-33EF-41E0-BBD1-2E5AB54A4398}
		{0AA799F7-2C1B-435D-B1F4-CB556722B69E} = {45C0480C-33EF-41E0-BBD1-2E5AB54A4398}
		{7C32F636-2A46-4181-9D2F-D386AACC7CC2} = {AA16182E-3712-4D15-A4A8-93B56BEC9916}
		{3DE2040B-BAE9-4A8D-8774-A67C0696BD08} = {AA16182E-3712-4D15-A4A8-93B56BEC9916}
		{1E8069AE-925A-41C9-AC56-631045FBBC81} = {AA16182E-3712-4D15-A4A8-93B56BEC9916}
		{FC027C36-8EC3-44D2-92F5-656E9A7B769A} = {AA16182E-3712-4D15-A4A8-93B56BEC9916}
		{CEBDB970-0596-43AD-A256-A28006AC5D21} = {F45A0FA3-1B48-4C3A-8209-0F781B98BD6B}
		{5725B766-BFA6-455D-A93F-3BB99B9E2C48} = {F45A0FA3-1B48-4C3A-8209-0F781B98BD6B}
		{631D18E8-F527-4B69-9513-18D3E018C020} = {F45A0FA3-1B48-4C3A-8209-0F781B98BD6B}
		{8096771B-FE62-481A-98FB-7BFFE25748EA} = {F45A0FA3-1B48-4C3A-8209-0F781B98BD6B}
		{1BF6BE94-E802-4305-9B51-15FBFF9AB23D} = {EF0B5B7D-4C90-4E0B-8F69-CC7AD4FB2413}
		{D524E31C-679E-417B-8D7C-4FD8F979C9FF} = {EF0B5B7D-4C90-4E0B-8F69-CC7AD4FB2413}
		{89E2F509-21FF-4509-B771-99A907373FED} = {EF0B5B7D-4C90-4E0B-8F69-CC7AD4FB2413}
		{6D06F700-190A-464A-BE90-44D26E1E3183} = {EF0B5B7D-4C90-4E0B-8F69-CC7AD4FB2413}
		{9559B109-14AF-460A-8B5E-7E50AB566A0F} = {FC027C36-8EC3-44D2-92F5-656E9A7B769A}
		{2C9C7632-B1D3-4E10-971F-A039E5914FE1} = {1E8069AE-925A-41C9-AC56-631045FBBC81}
		{F01CBEA8-D50B-4C4C-B6C3-28ADD71819E4} = {3DE2040B-BAE9-4A8D-8774-A67C0696BD08}
		{078EFC3E-E930-41A6-9E21-8ED50D96BF53} = {7B0C3231-621F-4868-9417-89CBB7784E7C}
		{D52E18D6-57D5-4DDE-8E56-5DE63A079289} = {078EFC3E-E930-41A6-9E21-8ED50D96BF53}
		{A48870A3-5C2E-4375-9FEC-B4D9388F929E} = {078EFC3E-E930-41A6-9E21-8ED50D96BF53}
		{ABD19F1F-0DC0-45B7-8E73-78D854B22F37} = {078EFC3E-E930-41A6-9E21-8ED50D96BF53}
		{954BA37F-F2E3-4152-98A4-F253D40E5077} = {3DE2040B-BAE9-4A8D-8774-A67C0696BD08}
		{B2F726C6-2C48-4C6E-B467-C53580DED07B} = {AA16182E-3712-4D15-A4A8-93B56BEC9916}
		{0B434D18-F347-4950-86CE-2E01370B6873} = {B2F726C6-2C48-4C6E-B467-C53580DED07B}
		{DCA8E6D6-5913-41B3-8C2A-1E9B5D488405} = {FE6C96C3-476E-4C1B-BA4F-3451A3C2077A}
		{295811FB-2536-4B36-A276-FC5610CC17F8} = {AA16182E-3712-4D15-A4A8-93B56BEC9916}
		{E60B05EB-C050-4774-BFF6-34AC9F29018A} = {295811FB-2536-4B36-A276-FC5610CC17F8}
		{0FD68593-6CDA-4E03-BD7F-7E24CD8E1390} = {F45A0FA3-1B48-4C3A-8209-0F781B98BD6B}
		{7B94C5D5-BBD7-45A9-964A-5CC05F8ACF1B} = {F45A0FA3-1B48-4C3A-8209-0F781B98BD6B}
		{1DC90B18-9CD3-4143-93B5-500472A94104} = {8096771B-FE62-481A-98FB-7BFFE25748EA}
		{F51F0114-4C01-4121-A36E-405B16BE5762} = {631D18E8-F527-4B69-9513-18D3E018C020}
		{EE89AF89-7B6D-41C9-8D07-18769D4F6DF3} = {CEBDB970-0596-43AD-A256-A28006AC5D21}
		{E3018BA7-89C0-4264-A90F-60F98ED79D5C} = {5725B766-BFA6-455D-A93F-3BB99B9E2C48}
		{6935E42C-5A15-4C38-9FB0-B761C774D4AB} = {5725B766-BFA6-455D-A93F-3BB99B9E2C48}
		{F7BDDE5E-6133-47CE-97A6-930DC1F05CA0} = {EF0B5B7D-4C90-4E0B-8F69-CC7AD4FB2413}
		{5F527875-2B70-44F3-870C-7E825E24A357} = {EF0B5B7D-4C90-4E0B-8F69-CC7AD4FB2413}
		{C994EF5C-7BA2-458F-866E-E1A3D129BF11} = {6D06F700-190A-464A-BE90-44D26E1E3183}
		{9D2A149B-ECCA-4613-8EC2-251889A1D150} = {F7BDDE5E-6133-47CE-97A6-930DC1F05CA0}
		{C4E0C6A0-99E2-4BAE-843D-69B82FB8E75D} = {89E2F509-21FF-4509-B771-99A907373FED}
		{E7127CD8-242E-4C7A-AB30-3E2778E657C8} = {1BF6BE94-E802-4305-9B51-15FBFF9AB23D}
		{CB5D9AC7-573C-430B-9247-9748E21FAA47} = {D524E31C-679E-417B-8D7C-4FD8F979C9FF}
		{C0BDF3F5-01C7-4D87-9FCE-8894D200B92F} = {D524E31C-679E-417B-8D7C-4FD8F979C9FF}
		{63591DD5-FFC4-4A64-B4F7-B5A7F66F9D98} = {D524E31C-679E-417B-8D7C-4FD8F979C9FF}
		{57580DDE-5EA8-427B-8FBF-AE0ABCE90BD2} = {0AA799F7-2C1B-435D-B1F4-CB556722B69E}
		{BBD2C1D1-6426-4381-9CF1-704B10237580} = {07181B53-8589-4F09-945A-337682A81D21}
		{9DBBBCF8-4DDC-41F8-B2CA-A3A9AC541435} = {F0C3D7CF-4A3B-4B14-AD36-CA23F966718B}
		{C45EF3C7-8543-4C7D-BB18-72C89F496BC8} = {A710B030-2C03-433B-BD38-35D834F0CEB2}
		{229AF7DA-84F4-47F6-B523-10CBDB792950} = {A710B030-2C03-433B-BD38-35D834F0CEB2}
		{D6902030-A6F9-493D-A81E-B529EB8038D4} = {8F5EB8C2-618F-4865-AC9F-6DEECFD91BF3}
	EndGlobalSection
	GlobalSection(ExtensibilityGlobals) = postSolution
		SolutionGuid = {FB0B206C-6F9A-4546-AAE9-2A032C5E2AB9}
	EndGlobalSection
EndGlobal
